
Microsoft Visual Studio Solution File, Format Version 12.00
# Visual Studio Version 17
VisualStudioVersion = 17.13.35806.99
MinimumVisualStudioVersion = 10.0.40219.1
Project("{FAE04EC0-301F-11D3-BF4B-00C04F79EFBC}") = "ApiAppNoCountry", "ApiAppNoCountry\ApiAppNoCountry.csproj", "{57114B3A-BF52-48CE-97F0-1D7EE0D08191}"
EndProject
Project("{FAE04EC0-301F-11D3-BF4B-00C04F79EFBC}") = "CapaDatos", "CapaDatos\CapaDatos.csproj", "{3E7C9382-F8FD-48D1-B172-2BC7E769DB64}"
EndProject
Project("{FAE04EC0-301F-11D3-BF4B-00C04F79EFBC}") = "CapaLogica", "CapaLogica\CapaLogica.csproj", "{22F8DCD0-5B7E-447A-914F-5210C082B89D}"
EndProject
Project("{FAE04EC0-301F-11D3-BF4B-00C04F79EFBC}") = "LibreriaDeClases", "LibreriaDeClases\LibreriaDeClases.csproj", "{BC75C677-BA29-4C20-8724-3F118A41AC15}"
EndProject
Global
	GlobalSection(SolutionConfigurationPlatforms) = preSolution
		Debug|Any CPU = Debug|Any CPU
		Release|Any CPU = Release|Any CPU
	EndGlobalSection
	GlobalSection(ProjectConfigurationPlatforms) = postSolution
		{57114B3A-BF52-48CE-97F0-1D7EE0D08191}.Debug|Any CPU.ActiveCfg = Debug|Any CPU
		{57114B3A-BF52-48CE-97F0-1D7EE0D08191}.Debug|Any CPU.Build.0 = Debug|Any CPU
		{57114B3A-BF52-48CE-97F0-1D7EE0D08191}.Release|Any CPU.ActiveCfg = Release|Any CPU
		{57114B3A-BF52-48CE-97F0-1D7EE0D08191}.Release|Any CPU.Build.0 = Release|Any CPU
		{3E7C9382-F8FD-48D1-B172-2BC7E769DB64}.Debug|Any CPU.ActiveCfg = Debug|Any CPU
		{3E7C9382-F8FD-48D1-B172-2BC7E769DB64}.Debug|Any CPU.Build.0 = Debug|Any CPU
		{3E7C9382-F8FD-48D1-B172-2BC7E769DB64}.Release|Any CPU.ActiveCfg = Release|Any CPU
		{3E7C9382-F8FD-48D1-B172-2BC7E769DB64}.Release|Any CPU.Build.0 = Release|Any CPU
		{22F8DCD0-5B7E-447A-914F-5210C082B89D}.Debug|Any CPU.ActiveCfg = Debug|Any CPU
		{22F8DCD0-5B7E-447A-914F-5210C082B89D}.Debug|Any CPU.Build.0 = Debug|Any CPU
		{22F8DCD0-5B7E-447A-914F-5210C082B89D}.Release|Any CPU.ActiveCfg = Release|Any CPU
		{22F8DCD0-5B7E-447A-914F-5210C082B89D}.Release|Any CPU.Build.0 = Release|Any CPU
		{BC75C677-BA29-4C20-8724-3F118A41AC15}.Debug|Any CPU.ActiveCfg = Debug|Any CPU
		{BC75C677-BA29-4C20-8724-3F118A41AC15}.Debug|Any CPU.Build.0 = Debug|Any CPU
		{BC75C677-BA29-4C20-8724-3F118A41AC15}.Release|Any CPU.ActiveCfg = Release|Any CPU
		{BC75C677-BA29-4C20-8724-3F118A41AC15}.Release|Any CPU.Build.0 = Release|Any CPU
	EndGlobalSection
	GlobalSection(SolutionProperties) = preSolution
		HideSolutionNode = FALSE
	EndGlobalSection
	GlobalSection(ExtensibilityGlobals) = postSolution
		SolutionGuid = {BDA7DFBF-5445-4B04-ABF3-2A0956E59ADA}
	EndGlobalSection
EndGlobal
